
Microsoft Visual Studio Solution File, Format Version 12.00
# Visual Studio Version 17
VisualStudioVersion = 17.10.35013.160
MinimumVisualStudioVersion = 10.0.40219.1
Project("{2150E333-8FDC-42A3-9474-1A3956D46DE8}") = "Console", "Console", "{5B54FFD0-876A-40F7-938E-B5004E305589}"
EndProject
Project("{2150E333-8FDC-42A3-9474-1A3956D46DE8}") = "Web", "Web", "{23C8FF5D-BF23-4527-9267-6A84F801F6D0}"
EndProject
Project("{2150E333-8FDC-42A3-9474-1A3956D46DE8}") = "Mobile", "Mobile", "{4678AA26-2D1B-42B5-9BA8-7892A0DB129F}"
EndProject
Project("{FAE04EC0-301F-11D3-BF4B-00C04F79EFBC}") = "WritingNumbers", "WritingNumbers\WritingNumbers.csproj", "{A01154F9-699B-4009-8E50-19701E2BE546}"
EndProject
Project("{FAE04EC0-301F-11D3-BF4B-00C04F79EFBC}") = "SummingNumbers", "SummingNumbers\SummingNumbers.csproj", "{45FC8586-3329-42AB-9EE1-4D56397FE816}"
EndProject
Global
	GlobalSection(SolutionConfigurationPlatforms) = preSolution
		Debug|Any CPU = Debug|Any CPU
		Release|Any CPU = Release|Any CPU
	EndGlobalSection
	GlobalSection(ProjectConfigurationPlatforms) = postSolution
		{A01154F9-699B-4009-8E50-19701E2BE546}.Debug|Any CPU.ActiveCfg = Debug|Any CPU
		{A01154F9-699B-4009-8E50-19701E2BE546}.Debug|Any CPU.Build.0 = Debug|Any CPU
		{A01154F9-699B-4009-8E50-19701E2BE546}.Release|Any CPU.ActiveCfg = Release|Any CPU
		{A01154F9-699B-4009-8E50-19701E2BE546}.Release|Any CPU.Build.0 = Release|Any CPU
		{45FC8586-3329-42AB-9EE1-4D56397FE816}.Debug|Any CPU.ActiveCfg = Debug|Any CPU
		{45FC8586-3329-42AB-9EE1-4D56397FE816}.Debug|Any CPU.Build.0 = Debug|Any CPU
		{45FC8586-3329-42AB-9EE1-4D56397FE816}.Release|Any CPU.ActiveCfg = Release|Any CPU
		{45FC8586-3329-42AB-9EE1-4D56397FE816}.Release|Any CPU.Build.0 = Release|Any CPU
	EndGlobalSection
	GlobalSection(SolutionProperties) = preSolution
		HideSolutionNode = FALSE
	EndGlobalSection
	GlobalSection(NestedProjects) = preSolution
		{A01154F9-699B-4009-8E50-19701E2BE546} = {5B54FFD0-876A-40F7-938E-B5004E305589}
		{45FC8586-3329-42AB-9EE1-4D56397FE816} = {5B54FFD0-876A-40F7-938E-B5004E305589}
	EndGlobalSection
	GlobalSection(ExtensibilityGlobals) = postSolution
		SolutionGuid = {1934430E-E617-4B9D-942A-EAD0FABBD057}
	EndGlobalSection
EndGlobal
